{
  "nodes": {
    "nixos-hardware": {
      "locked": {
        "lastModified": 1667768008,
        "narHash": "sha256-PGbX0s2hhXGnZDFVE6UIhPSOf5YegpWs5dUXpT/14F0=",
        "owner": "NixOS",
        "repo": "nixos-hardware",
        "rev": "f6483e0def85efb9c1e884efbaff45a5e7aabb34",
        "type": "github"
      },
      "original": {
        "owner": "NixOS",
        "ref": "master",
        "repo": "nixos-hardware",
        "type": "github"
      }
    },
    "nixpkgs": {
      "locked": {
        "lastModified": 1667629849,
        "narHash": "sha256-P+v+nDOFWicM4wziFK9S/ajF2lc0N2Rg9p6Y35uMoZI=",
        "owner": "NixOS",
        "repo": "nixpkgs",
        "rev": "3bacde6273b09a21a8ccfba15586fb165078fb62",
        "type": "github"
      },
      "original": {
        "id": "nixpkgs",
        "ref": "nixos-unstable",
        "type": "indirect"
      }
    },
    "root": {
      "inputs": {
        "nixos-hardware": "nixos-hardware",
        "nixpkgs": "nixpkgs"
      }
    }
  },
  "root": "root",
  "version": 7
}
